
Microsoft Visual Studio Solution File, Format Version 12.00
# Visual Studio Version 17
VisualStudioVersion = 17.0.31919.166
MinimumVisualStudioVersion = 10.0.40219.1
Project("{9A19103F-16F7-4668-BE54-9A1E7A4F7556}") = "01 CountRealNumbers", "Fundamentals Associative Arrays - Lab\01 CountRealNumbers.csproj", "{2B2B663F-F051-4DDE-878D-91F0102A0DBD}"
EndProject
Project("{9A19103F-16F7-4668-BE54-9A1E7A4F7556}") = "02. WordSynonyms", "02. WordSynonyms\02. WordSynonyms.csproj", "{B3399B4D-CD4F-4EA4-87D1-5C7BF7A2DCDA}"
EndProject
Project("{9A19103F-16F7-4668-BE54-9A1E7A4F7556}") = "03. WordFilter", "03. WordFilter\03. WordFilter.csproj", "{F40A3D22-6338-449F-94CD-0AC6CE8E004E}"
EndProject
Project("{9A19103F-16F7-4668-BE54-9A1E7A4F7556}") = "04.LargestThreeNumbers", "04.LargestThreeNumbers\04.LargestThreeNumbers.csproj", "{1CEED91A-66D0-412E-98DA-615C67C145ED}"
EndProject
Project("{9A19103F-16F7-4668-BE54-9A1E7A4F7556}") = "05.OddOccurrences", "05.OddOccurrences\05.OddOccurrences.csproj", "{AAF8D98B-7C6D-4D91-A743-1FBFE560DFF0}"
EndProject
Project("{9A19103F-16F7-4668-BE54-9A1E7A4F7556}") = "06. CountCharsInAString", "06. Count Chars in a String\06. CountCharsInAString.csproj", "{EB86BDCD-D664-4EFA-9678-678ACB881BEF}"
EndProject
Project("{9A19103F-16F7-4668-BE54-9A1E7A4F7556}") = "07.AMinerTask", "07.proba\07.AMinerTask.csproj", "{3F3CB394-B2B5-43D8-A602-2197C318227E}"
EndProject
Project("{9A19103F-16F7-4668-BE54-9A1E7A4F7556}") = "08.Orders", "08.Orders\08.Orders.csproj", "{34767620-299D-4A46-8D54-DF3A2E197F3B}"
EndProject
Project("{9A19103F-16F7-4668-BE54-9A1E7A4F7556}") = "09. StudentAcademy", "09. StudentAcademy\09. StudentAcademy.csproj", "{DB2C0E6B-3F2D-4775-B175-67A079D5C973}"
EndProject
Project("{9A19103F-16F7-4668-BE54-9A1E7A4F7556}") = "10. CompanyUsers", "10. CompanyUsers\10. CompanyUsers.csproj", "{6AEAF508-C74A-4966-84DE-2946EA95940B}"
EndProject
Project("{9A19103F-16F7-4668-BE54-9A1E7A4F7556}") = "11. LegendaryFarming", "11. LegendaryFarming\11. LegendaryFarming.csproj", "{8AC99AEA-ACC8-43C2-9ABE-3981384E4D99}"
EndProject
Project("{9A19103F-16F7-4668-BE54-9A1E7A4F7556}") = "12.SoftUniParking", "11.SoftUni Parking\12.SoftUniParking.csproj", "{E1236483-33CF-441B-A30F-19DCDF093487}"
EndProject
Project("{FAE04EC0-301F-11D3-BF4B-00C04F79EFBC}") = "13. Courses", "12. Courses\13. Courses.csproj", "{1B715A28-90F3-4867-A4A4-05523182323C}"
EndProject
Project("{FAE04EC0-301F-11D3-BF4B-00C04F79EFBC}") = "14.Ranking", "14.Ranking\14.Ranking.csproj", "{59C39080-BEA0-4BD8-A68B-40CDAF02A266}"
EndProject
Project("{FAE04EC0-301F-11D3-BF4B-00C04F79EFBC}") = "15.Judge", "15.Judge\15.Judge.csproj", "{A4A76881-8DFA-4081-A24D-DB432BCC4150}"
EndProject
Project("{FAE04EC0-301F-11D3-BF4B-00C04F79EFBC}") = "16.MOBAChallenger", "16.MOBAChallenger\16.MOBAChallenger.csproj", "{3E3C3BDB-65E8-4A5A-9FDE-1A834CE6096C}"
EndProject
Project("{FAE04EC0-301F-11D3-BF4B-00C04F79EFBC}") = "17.Snowwhite", "17.Snowwhite\17.Snowwhite.csproj", "{45799D5B-660C-45D9-9C9E-0635AF6DCE70}"
EndProject
Project("{FAE04EC0-301F-11D3-BF4B-00C04F79EFBC}") = "18.DragonArmy", "18. Dragon Army\18.DragonArmy.csproj", "{B0502982-C8C4-474F-85FB-BDD00350D305}"
EndProject
Global
	GlobalSection(SolutionConfigurationPlatforms) = preSolution
		Debug|Any CPU = Debug|Any CPU
		Release|Any CPU = Release|Any CPU
	EndGlobalSection
	GlobalSection(ProjectConfigurationPlatforms) = postSolution
		{2B2B663F-F051-4DDE-878D-91F0102A0DBD}.Debug|Any CPU.ActiveCfg = Debug|Any CPU
		{2B2B663F-F051-4DDE-878D-91F0102A0DBD}.Debug|Any CPU.Build.0 = Debug|Any CPU
		{2B2B663F-F051-4DDE-878D-91F0102A0DBD}.Release|Any CPU.ActiveCfg = Release|Any CPU
		{2B2B663F-F051-4DDE-878D-91F0102A0DBD}.Release|Any CPU.Build.0 = Release|Any CPU
		{B3399B4D-CD4F-4EA4-87D1-5C7BF7A2DCDA}.Debug|Any CPU.ActiveCfg = Debug|Any CPU
		{B3399B4D-CD4F-4EA4-87D1-5C7BF7A2DCDA}.Debug|Any CPU.Build.0 = Debug|Any CPU
		{B3399B4D-CD4F-4EA4-87D1-5C7BF7A2DCDA}.Release|Any CPU.ActiveCfg = Release|Any CPU
		{B3399B4D-CD4F-4EA4-87D1-5C7BF7A2DCDA}.Release|Any CPU.Build.0 = Release|Any CPU
		{F40A3D22-6338-449F-94CD-0AC6CE8E004E}.Debug|Any CPU.ActiveCfg = Debug|Any CPU
		{F40A3D22-6338-449F-94CD-0AC6CE8E004E}.Debug|Any CPU.Build.0 = Debug|Any CPU
		{F40A3D22-6338-449F-94CD-0AC6CE8E004E}.Release|Any CPU.ActiveCfg = Release|Any CPU
		{F40A3D22-6338-449F-94CD-0AC6CE8E004E}.Release|Any CPU.Build.0 = Release|Any CPU
		{1CEED91A-66D0-412E-98DA-615C67C145ED}.Debug|Any CPU.ActiveCfg = Debug|Any CPU
		{1CEED91A-66D0-412E-98DA-615C67C145ED}.Debug|Any CPU.Build.0 = Debug|Any CPU
		{1CEED91A-66D0-412E-98DA-615C67C145ED}.Release|Any CPU.ActiveCfg = Release|Any CPU
		{1CEED91A-66D0-412E-98DA-615C67C145ED}.Release|Any CPU.Build.0 = Release|Any CPU
		{AAF8D98B-7C6D-4D91-A743-1FBFE560DFF0}.Debug|Any CPU.ActiveCfg = Debug|Any CPU
		{AAF8D98B-7C6D-4D91-A743-1FBFE560DFF0}.Debug|Any CPU.Build.0 = Debug|Any CPU
		{AAF8D98B-7C6D-4D91-A743-1FBFE560DFF0}.Release|Any CPU.ActiveCfg = Release|Any CPU
		{AAF8D98B-7C6D-4D91-A743-1FBFE560DFF0}.Release|Any CPU.Build.0 = Release|Any CPU
		{EB86BDCD-D664-4EFA-9678-678ACB881BEF}.Debug|Any CPU.ActiveCfg = Debug|Any CPU
		{EB86BDCD-D664-4EFA-9678-678ACB881BEF}.Debug|Any CPU.Build.0 = Debug|Any CPU
		{EB86BDCD-D664-4EFA-9678-678ACB881BEF}.Release|Any CPU.ActiveCfg = Release|Any CPU
		{EB86BDCD-D664-4EFA-9678-678ACB881BEF}.Release|Any CPU.Build.0 = Release|Any CPU
		{3F3CB394-B2B5-43D8-A602-2197C318227E}.Debug|Any CPU.ActiveCfg = Debug|Any CPU
		{3F3CB394-B2B5-43D8-A602-2197C318227E}.Debug|Any CPU.Build.0 = Debug|Any CPU
		{3F3CB394-B2B5-43D8-A602-2197C318227E}.Release|Any CPU.ActiveCfg = Release|Any CPU
		{3F3CB394-B2B5-43D8-A602-2197C318227E}.Release|Any CPU.Build.0 = Release|Any CPU
		{34767620-299D-4A46-8D54-DF3A2E197F3B}.Debug|Any CPU.ActiveCfg = Debug|Any CPU
		{34767620-299D-4A46-8D54-DF3A2E197F3B}.Debug|Any CPU.Build.0 = Debug|Any CPU
		{34767620-299D-4A46-8D54-DF3A2E197F3B}.Release|Any CPU.ActiveCfg = Release|Any CPU
		{34767620-299D-4A46-8D54-DF3A2E197F3B}.Release|Any CPU.Build.0 = Release|Any CPU
		{DB2C0E6B-3F2D-4775-B175-67A079D5C973}.Debug|Any CPU.ActiveCfg = Debug|Any CPU
		{DB2C0E6B-3F2D-4775-B175-67A079D5C973}.Debug|Any CPU.Build.0 = Debug|Any CPU
		{DB2C0E6B-3F2D-4775-B175-67A079D5C973}.Release|Any CPU.ActiveCfg = Release|Any CPU
		{DB2C0E6B-3F2D-4775-B175-67A079D5C973}.Release|Any CPU.Build.0 = Release|Any CPU
		{6AEAF508-C74A-4966-84DE-2946EA95940B}.Debug|Any CPU.ActiveCfg = Debug|Any CPU
		{6AEAF508-C74A-4966-84DE-2946EA95940B}.Debug|Any CPU.Build.0 = Debug|Any CPU
		{6AEAF508-C74A-4966-84DE-2946EA95940B}.Release|Any CPU.ActiveCfg = Release|Any CPU
		{6AEAF508-C74A-4966-84DE-2946EA95940B}.Release|Any CPU.Build.0 = Release|Any CPU
		{8AC99AEA-ACC8-43C2-9ABE-3981384E4D99}.Debug|Any CPU.ActiveCfg = Debug|Any CPU
		{8AC99AEA-ACC8-43C2-9ABE-3981384E4D99}.Debug|Any CPU.Build.0 = Debug|Any CPU
		{8AC99AEA-ACC8-43C2-9ABE-3981384E4D99}.Release|Any CPU.ActiveCfg = Release|Any CPU
		{8AC99AEA-ACC8-43C2-9ABE-3981384E4D99}.Release|Any CPU.Build.0 = Release|Any CPU
		{E1236483-33CF-441B-A30F-19DCDF093487}.Debug|Any CPU.ActiveCfg = Debug|Any CPU
		{E1236483-33CF-441B-A30F-19DCDF093487}.Debug|Any CPU.Build.0 = Debug|Any CPU
		{E1236483-33CF-441B-A30F-19DCDF093487}.Release|Any CPU.ActiveCfg = Release|Any CPU
		{E1236483-33CF-441B-A30F-19DCDF093487}.Release|Any CPU.Build.0 = Release|Any CPU
		{1B715A28-90F3-4867-A4A4-05523182323C}.Debug|Any CPU.ActiveCfg = Debug|Any CPU
		{1B715A28-90F3-4867-A4A4-05523182323C}.Debug|Any CPU.Build.0 = Debug|Any CPU
		{1B715A28-90F3-4867-A4A4-05523182323C}.Release|Any CPU.ActiveCfg = Release|Any CPU
		{1B715A28-90F3-4867-A4A4-05523182323C}.Release|Any CPU.Build.0 = Release|Any CPU
		{59C39080-BEA0-4BD8-A68B-40CDAF02A266}.Debug|Any CPU.ActiveCfg = Debug|Any CPU
		{59C39080-BEA0-4BD8-A68B-40CDAF02A266}.Debug|Any CPU.Build.0 = Debug|Any CPU
		{59C39080-BEA0-4BD8-A68B-40CDAF02A266}.Release|Any CPU.ActiveCfg = Release|Any CPU
		{59C39080-BEA0-4BD8-A68B-40CDAF02A266}.Release|Any CPU.Build.0 = Release|Any CPU
		{A4A76881-8DFA-4081-A24D-DB432BCC4150}.Debug|Any CPU.ActiveCfg = Debug|Any CPU
		{A4A76881-8DFA-4081-A24D-DB432BCC4150}.Debug|Any CPU.Build.0 = Debug|Any CPU
		{A4A76881-8DFA-4081-A24D-DB432BCC4150}.Release|Any CPU.ActiveCfg = Release|Any CPU
		{A4A76881-8DFA-4081-A24D-DB432BCC4150}.Release|Any CPU.Build.0 = Release|Any CPU
		{3E3C3BDB-65E8-4A5A-9FDE-1A834CE6096C}.Debug|Any CPU.ActiveCfg = Debug|Any CPU
		{3E3C3BDB-65E8-4A5A-9FDE-1A834CE6096C}.Debug|Any CPU.Build.0 = Debug|Any CPU
		{3E3C3BDB-65E8-4A5A-9FDE-1A834CE6096C}.Release|Any CPU.ActiveCfg = Release|Any CPU
		{3E3C3BDB-65E8-4A5A-9FDE-1A834CE6096C}.Release|Any CPU.Build.0 = Release|Any CPU
		{45799D5B-660C-45D9-9C9E-0635AF6DCE70}.Debug|Any CPU.ActiveCfg = Debug|Any CPU
		{45799D5B-660C-45D9-9C9E-0635AF6DCE70}.Debug|Any CPU.Build.0 = Debug|Any CPU
		{45799D5B-660C-45D9-9C9E-0635AF6DCE70}.Release|Any CPU.ActiveCfg = Release|Any CPU
		{45799D5B-660C-45D9-9C9E-0635AF6DCE70}.Release|Any CPU.Build.0 = Release|Any CPU
		{B0502982-C8C4-474F-85FB-BDD00350D305}.Debug|Any CPU.ActiveCfg = Debug|Any CPU
		{B0502982-C8C4-474F-85FB-BDD00350D305}.Debug|Any CPU.Build.0 = Debug|Any CPU
		{B0502982-C8C4-474F-85FB-BDD00350D305}.Release|Any CPU.ActiveCfg = Release|Any CPU
		{B0502982-C8C4-474F-85FB-BDD00350D305}.Release|Any CPU.Build.0 = Release|Any CPU
	EndGlobalSection
	GlobalSection(SolutionProperties) = preSolution
		HideSolutionNode = FALSE
	EndGlobalSection
	GlobalSection(ExtensibilityGlobals) = postSolution
		SolutionGuid = {3CD5CCE2-8183-4616-A97D-AB3D4C1888E4}
	EndGlobalSection
EndGlobal
