
Microsoft Visual Studio Solution File, Format Version 12.00
# Visual Studio Version 17
VisualStudioVersion = 17.0.31919.166
MinimumVisualStudioVersion = 10.0.40219.1
Project("{FAE04EC0-301F-11D3-BF4B-00C04F79EFBC}") = "02. RageQuit", "02. RageQuit\02. RageQuit.csproj", "{EBD71018-1928-4284-9711-B6577B9B1C95}"
EndProject
Project("{FAE04EC0-301F-11D3-BF4B-00C04F79EFBC}") = "03. PostOffice", "03. PostOffice\03. PostOffice.csproj", "{CBE65F19-0996-4C86-B612-467C742BB3B1}"
EndProject
Project("{FAE04EC0-301F-11D3-BF4B-00C04F79EFBC}") = "4. Santa's Secret Helper", "4. Santa's Secret Helper\4. Santa's Secret Helper.csproj", "{8793340C-A373-44BF-9BEC-B2C722278F0E}"
EndProject
Project("{FAE04EC0-301F-11D3-BF4B-00C04F79EFBC}") = "01.WinningTicket", "01.WinningTicket\01.WinningTicket.csproj", "{3009E161-3AB9-4BBF-BD80-F1413558581C}"
EndProject
Global
	GlobalSection(SolutionConfigurationPlatforms) = preSolution
		Debug|Any CPU = Debug|Any CPU
		Release|Any CPU = Release|Any CPU
	EndGlobalSection
	GlobalSection(ProjectConfigurationPlatforms) = postSolution
		{EBD71018-1928-4284-9711-B6577B9B1C95}.Debug|Any CPU.ActiveCfg = Debug|Any CPU
		{EBD71018-1928-4284-9711-B6577B9B1C95}.Debug|Any CPU.Build.0 = Debug|Any CPU
		{EBD71018-1928-4284-9711-B6577B9B1C95}.Release|Any CPU.ActiveCfg = Release|Any CPU
		{EBD71018-1928-4284-9711-B6577B9B1C95}.Release|Any CPU.Build.0 = Release|Any CPU
		{CBE65F19-0996-4C86-B612-467C742BB3B1}.Debug|Any CPU.ActiveCfg = Debug|Any CPU
		{CBE65F19-0996-4C86-B612-467C742BB3B1}.Debug|Any CPU.Build.0 = Debug|Any CPU
		{CBE65F19-0996-4C86-B612-467C742BB3B1}.Release|Any CPU.ActiveCfg = Release|Any CPU
		{CBE65F19-0996-4C86-B612-467C742BB3B1}.Release|Any CPU.Build.0 = Release|Any CPU
		{8793340C-A373-44BF-9BEC-B2C722278F0E}.Debug|Any CPU.ActiveCfg = Debug|Any CPU
		{8793340C-A373-44BF-9BEC-B2C722278F0E}.Debug|Any CPU.Build.0 = Debug|Any CPU
		{8793340C-A373-44BF-9BEC-B2C722278F0E}.Release|Any CPU.ActiveCfg = Release|Any CPU
		{8793340C-A373-44BF-9BEC-B2C722278F0E}.Release|Any CPU.Build.0 = Release|Any CPU
		{3009E161-3AB9-4BBF-BD80-F1413558581C}.Debug|Any CPU.ActiveCfg = Debug|Any CPU
		{3009E161-3AB9-4BBF-BD80-F1413558581C}.Debug|Any CPU.Build.0 = Debug|Any CPU
		{3009E161-3AB9-4BBF-BD80-F1413558581C}.Release|Any CPU.ActiveCfg = Release|Any CPU
		{3009E161-3AB9-4BBF-BD80-F1413558581C}.Release|Any CPU.Build.0 = Release|Any CPU
	EndGlobalSection
	GlobalSection(SolutionProperties) = preSolution
		HideSolutionNode = FALSE
	EndGlobalSection
	GlobalSection(ExtensibilityGlobals) = postSolution
		SolutionGuid = {C6EBBBF5-668B-4372-8393-623A2C094AE2}
	EndGlobalSection
EndGlobal
