
Microsoft Visual Studio Solution File, Format Version 12.00
# Visual Studio Version 17
VisualStudioVersion = 17.0.31919.166
MinimumVisualStudioVersion = 10.0.40219.1
Project("{9A19103F-16F7-4668-BE54-9A1E7A4F7556}") = "01. Sort Numbers", "01. Sort Numbers\01. Sort Numbers.csproj", "{46A9AD38-B377-4AF0-BD65-66FDC8872722}"
EndProject
Project("{9A19103F-16F7-4668-BE54-9A1E7A4F7556}") = "02EnglishName", "02EnglishName\02EnglishName.csproj", "{A064E7FD-3238-4AE1-B416-32221DAED59D}"
EndProject
Project("{9A19103F-16F7-4668-BE54-9A1E7A4F7556}") = "03GamingStore", "03GamingStore\03GamingStore.csproj", "{01486651-A8E2-4A28-A911-6181EF7BE5CD}"
EndProject
Project("{FAE04EC0-301F-11D3-BF4B-00C04F79EFBC}") = "01.SortNumbers2", "01.SortNumbers2\01.SortNumbers2.csproj", "{0955C109-0964-4531-916E-C222C56CDC3E}"
EndProject
Project("{FAE04EC0-301F-11D3-BF4B-00C04F79EFBC}") = "02.EnglishName2", "02.EnglishName2\02.EnglishName2.csproj", "{6F52FE20-6DC4-480B-817B-0784DF52F2C2}"
EndProject
Project("{FAE04EC0-301F-11D3-BF4B-00C04F79EFBC}") = "04Reverse String", "04Reverse String\04Reverse String.csproj", "{880FFED7-8D6D-4CC0-BF02-ECF62371F432}"
EndProject
Project("{FAE04EC0-301F-11D3-BF4B-00C04F79EFBC}") = "05Messages", "05Messages\05Messages.csproj", "{2C8CE0E1-F889-47F9-9017-E684DBF47B56}"
EndProject
Global
	GlobalSection(SolutionConfigurationPlatforms) = preSolution
		Debug|Any CPU = Debug|Any CPU
		Release|Any CPU = Release|Any CPU
	EndGlobalSection
	GlobalSection(ProjectConfigurationPlatforms) = postSolution
		{46A9AD38-B377-4AF0-BD65-66FDC8872722}.Debug|Any CPU.ActiveCfg = Debug|Any CPU
		{46A9AD38-B377-4AF0-BD65-66FDC8872722}.Debug|Any CPU.Build.0 = Debug|Any CPU
		{46A9AD38-B377-4AF0-BD65-66FDC8872722}.Release|Any CPU.ActiveCfg = Release|Any CPU
		{46A9AD38-B377-4AF0-BD65-66FDC8872722}.Release|Any CPU.Build.0 = Release|Any CPU
		{A064E7FD-3238-4AE1-B416-32221DAED59D}.Debug|Any CPU.ActiveCfg = Debug|Any CPU
		{A064E7FD-3238-4AE1-B416-32221DAED59D}.Debug|Any CPU.Build.0 = Debug|Any CPU
		{A064E7FD-3238-4AE1-B416-32221DAED59D}.Release|Any CPU.ActiveCfg = Release|Any CPU
		{A064E7FD-3238-4AE1-B416-32221DAED59D}.Release|Any CPU.Build.0 = Release|Any CPU
		{01486651-A8E2-4A28-A911-6181EF7BE5CD}.Debug|Any CPU.ActiveCfg = Debug|Any CPU
		{01486651-A8E2-4A28-A911-6181EF7BE5CD}.Debug|Any CPU.Build.0 = Debug|Any CPU
		{01486651-A8E2-4A28-A911-6181EF7BE5CD}.Release|Any CPU.ActiveCfg = Release|Any CPU
		{01486651-A8E2-4A28-A911-6181EF7BE5CD}.Release|Any CPU.Build.0 = Release|Any CPU
		{0955C109-0964-4531-916E-C222C56CDC3E}.Debug|Any CPU.ActiveCfg = Debug|Any CPU
		{0955C109-0964-4531-916E-C222C56CDC3E}.Debug|Any CPU.Build.0 = Debug|Any CPU
		{0955C109-0964-4531-916E-C222C56CDC3E}.Release|Any CPU.ActiveCfg = Release|Any CPU
		{0955C109-0964-4531-916E-C222C56CDC3E}.Release|Any CPU.Build.0 = Release|Any CPU
		{6F52FE20-6DC4-480B-817B-0784DF52F2C2}.Debug|Any CPU.ActiveCfg = Debug|Any CPU
		{6F52FE20-6DC4-480B-817B-0784DF52F2C2}.Debug|Any CPU.Build.0 = Debug|Any CPU
		{6F52FE20-6DC4-480B-817B-0784DF52F2C2}.Release|Any CPU.ActiveCfg = Release|Any CPU
		{6F52FE20-6DC4-480B-817B-0784DF52F2C2}.Release|Any CPU.Build.0 = Release|Any CPU
		{880FFED7-8D6D-4CC0-BF02-ECF62371F432}.Debug|Any CPU.ActiveCfg = Debug|Any CPU
		{880FFED7-8D6D-4CC0-BF02-ECF62371F432}.Debug|Any CPU.Build.0 = Debug|Any CPU
		{880FFED7-8D6D-4CC0-BF02-ECF62371F432}.Release|Any CPU.ActiveCfg = Release|Any CPU
		{880FFED7-8D6D-4CC0-BF02-ECF62371F432}.Release|Any CPU.Build.0 = Release|Any CPU
		{2C8CE0E1-F889-47F9-9017-E684DBF47B56}.Debug|Any CPU.ActiveCfg = Debug|Any CPU
		{2C8CE0E1-F889-47F9-9017-E684DBF47B56}.Debug|Any CPU.Build.0 = Debug|Any CPU
		{2C8CE0E1-F889-47F9-9017-E684DBF47B56}.Release|Any CPU.ActiveCfg = Release|Any CPU
		{2C8CE0E1-F889-47F9-9017-E684DBF47B56}.Release|Any CPU.Build.0 = Release|Any CPU
	EndGlobalSection
	GlobalSection(SolutionProperties) = preSolution
		HideSolutionNode = FALSE
	EndGlobalSection
	GlobalSection(ExtensibilityGlobals) = postSolution
		SolutionGuid = {9699205D-29DC-4390-917E-D125A15D9837}
	EndGlobalSection
EndGlobal
