
Microsoft Visual Studio Solution File, Format Version 12.00
# Visual Studio Version 17
VisualStudioVersion = 17.0.31919.166
MinimumVisualStudioVersion = 10.0.40219.1
Project("{9A19103F-16F7-4668-BE54-9A1E7A4F7556}") = "01. Smallest Of Three Numbers", "01. Smallest Of Three Numbers\01. Smallest Of Three Numbers.csproj", "{1A6D8FF3-CAEA-4B32-A5EB-E9914D086C65}"
EndProject
Project("{9A19103F-16F7-4668-BE54-9A1E7A4F7556}") = "02. Vowels Count", "02. Vowels Count\02. Vowels Count.csproj", "{24DA1DB2-ECA2-4DAE-A18D-F81243E63D0E}"
EndProject
Project("{9A19103F-16F7-4668-BE54-9A1E7A4F7556}") = "03. Characters in Range", "03. Characters in Range\03. Characters in Range.csproj", "{C840ED82-20AE-4E44-A196-48F3CDC65DAB}"
EndProject
Project("{9A19103F-16F7-4668-BE54-9A1E7A4F7556}") = "04. Password Validator", "04. Password Validator\04. Password Validator.csproj", "{16F47591-6D94-4248-9FE2-71E07E7B7413}"
EndProject
Project("{9A19103F-16F7-4668-BE54-9A1E7A4F7556}") = "05. Add and Substract", "05. Add and Substract\05. Add and Substract.csproj", "{41CA95BC-D7C7-47EE-91D4-F5A79883D6A6}"
EndProject
Project("{9A19103F-16F7-4668-BE54-9A1E7A4F7556}") = "06. Middle Characters", "06. Middle Characters\06. Middle Characters.csproj", "{4D6F47B1-C2A5-4C6F-B143-C6A49EB67DA7}"
EndProject
Project("{FAE04EC0-301F-11D3-BF4B-00C04F79EFBC}") = "07. NxN Matrix", "07. NxN Matrix\07. NxN Matrix.csproj", "{E3AC48CA-22E1-4E8B-8D73-FB8B201E9BE0}"
EndProject
Project("{FAE04EC0-301F-11D3-BF4B-00C04F79EFBC}") = "08. Factorial Division", "08. Factorial Division\08. Factorial Division.csproj", "{125590D0-9B71-47BD-A080-B2DD4E005024}"
EndProject
Project("{FAE04EC0-301F-11D3-BF4B-00C04F79EFBC}") = "09. Palindrome Integers", "09. Palindrome Integers\09. Palindrome Integers.csproj", "{C1E91FA1-5ECC-48B8-8798-2DDCDBE8D1F3}"
EndProject
Project("{FAE04EC0-301F-11D3-BF4B-00C04F79EFBC}") = "10. Top Number", "10. Top Number\10. Top Number.csproj", "{04732EA3-6299-4F0C-95CB-A45D68820888}"
EndProject
Project("{FAE04EC0-301F-11D3-BF4B-00C04F79EFBC}") = "11. Array Manipulator", "11. Array Manipulator\11. Array Manipulator.csproj", "{2955BA2B-9B0C-4E4F-9F8A-87FD541CA9FE}"
EndProject
Global
	GlobalSection(SolutionConfigurationPlatforms) = preSolution
		Debug|Any CPU = Debug|Any CPU
		Release|Any CPU = Release|Any CPU
	EndGlobalSection
	GlobalSection(ProjectConfigurationPlatforms) = postSolution
		{1A6D8FF3-CAEA-4B32-A5EB-E9914D086C65}.Debug|Any CPU.ActiveCfg = Debug|Any CPU
		{1A6D8FF3-CAEA-4B32-A5EB-E9914D086C65}.Debug|Any CPU.Build.0 = Debug|Any CPU
		{1A6D8FF3-CAEA-4B32-A5EB-E9914D086C65}.Release|Any CPU.ActiveCfg = Release|Any CPU
		{1A6D8FF3-CAEA-4B32-A5EB-E9914D086C65}.Release|Any CPU.Build.0 = Release|Any CPU
		{24DA1DB2-ECA2-4DAE-A18D-F81243E63D0E}.Debug|Any CPU.ActiveCfg = Debug|Any CPU
		{24DA1DB2-ECA2-4DAE-A18D-F81243E63D0E}.Debug|Any CPU.Build.0 = Debug|Any CPU
		{24DA1DB2-ECA2-4DAE-A18D-F81243E63D0E}.Release|Any CPU.ActiveCfg = Release|Any CPU
		{24DA1DB2-ECA2-4DAE-A18D-F81243E63D0E}.Release|Any CPU.Build.0 = Release|Any CPU
		{C840ED82-20AE-4E44-A196-48F3CDC65DAB}.Debug|Any CPU.ActiveCfg = Debug|Any CPU
		{C840ED82-20AE-4E44-A196-48F3CDC65DAB}.Debug|Any CPU.Build.0 = Debug|Any CPU
		{C840ED82-20AE-4E44-A196-48F3CDC65DAB}.Release|Any CPU.ActiveCfg = Release|Any CPU
		{C840ED82-20AE-4E44-A196-48F3CDC65DAB}.Release|Any CPU.Build.0 = Release|Any CPU
		{16F47591-6D94-4248-9FE2-71E07E7B7413}.Debug|Any CPU.ActiveCfg = Debug|Any CPU
		{16F47591-6D94-4248-9FE2-71E07E7B7413}.Debug|Any CPU.Build.0 = Debug|Any CPU
		{16F47591-6D94-4248-9FE2-71E07E7B7413}.Release|Any CPU.ActiveCfg = Release|Any CPU
		{16F47591-6D94-4248-9FE2-71E07E7B7413}.Release|Any CPU.Build.0 = Release|Any CPU
		{41CA95BC-D7C7-47EE-91D4-F5A79883D6A6}.Debug|Any CPU.ActiveCfg = Debug|Any CPU
		{41CA95BC-D7C7-47EE-91D4-F5A79883D6A6}.Debug|Any CPU.Build.0 = Debug|Any CPU
		{41CA95BC-D7C7-47EE-91D4-F5A79883D6A6}.Release|Any CPU.ActiveCfg = Release|Any CPU
		{41CA95BC-D7C7-47EE-91D4-F5A79883D6A6}.Release|Any CPU.Build.0 = Release|Any CPU
		{4D6F47B1-C2A5-4C6F-B143-C6A49EB67DA7}.Debug|Any CPU.ActiveCfg = Debug|Any CPU
		{4D6F47B1-C2A5-4C6F-B143-C6A49EB67DA7}.Debug|Any CPU.Build.0 = Debug|Any CPU
		{4D6F47B1-C2A5-4C6F-B143-C6A49EB67DA7}.Release|Any CPU.ActiveCfg = Release|Any CPU
		{4D6F47B1-C2A5-4C6F-B143-C6A49EB67DA7}.Release|Any CPU.Build.0 = Release|Any CPU
		{E3AC48CA-22E1-4E8B-8D73-FB8B201E9BE0}.Debug|Any CPU.ActiveCfg = Debug|Any CPU
		{E3AC48CA-22E1-4E8B-8D73-FB8B201E9BE0}.Debug|Any CPU.Build.0 = Debug|Any CPU
		{E3AC48CA-22E1-4E8B-8D73-FB8B201E9BE0}.Release|Any CPU.ActiveCfg = Release|Any CPU
		{E3AC48CA-22E1-4E8B-8D73-FB8B201E9BE0}.Release|Any CPU.Build.0 = Release|Any CPU
		{125590D0-9B71-47BD-A080-B2DD4E005024}.Debug|Any CPU.ActiveCfg = Debug|Any CPU
		{125590D0-9B71-47BD-A080-B2DD4E005024}.Debug|Any CPU.Build.0 = Debug|Any CPU
		{125590D0-9B71-47BD-A080-B2DD4E005024}.Release|Any CPU.ActiveCfg = Release|Any CPU
		{125590D0-9B71-47BD-A080-B2DD4E005024}.Release|Any CPU.Build.0 = Release|Any CPU
		{C1E91FA1-5ECC-48B8-8798-2DDCDBE8D1F3}.Debug|Any CPU.ActiveCfg = Debug|Any CPU
		{C1E91FA1-5ECC-48B8-8798-2DDCDBE8D1F3}.Debug|Any CPU.Build.0 = Debug|Any CPU
		{C1E91FA1-5ECC-48B8-8798-2DDCDBE8D1F3}.Release|Any CPU.ActiveCfg = Release|Any CPU
		{C1E91FA1-5ECC-48B8-8798-2DDCDBE8D1F3}.Release|Any CPU.Build.0 = Release|Any CPU
		{04732EA3-6299-4F0C-95CB-A45D68820888}.Debug|Any CPU.ActiveCfg = Debug|Any CPU
		{04732EA3-6299-4F0C-95CB-A45D68820888}.Debug|Any CPU.Build.0 = Debug|Any CPU
		{04732EA3-6299-4F0C-95CB-A45D68820888}.Release|Any CPU.ActiveCfg = Release|Any CPU
		{04732EA3-6299-4F0C-95CB-A45D68820888}.Release|Any CPU.Build.0 = Release|Any CPU
		{2955BA2B-9B0C-4E4F-9F8A-87FD541CA9FE}.Debug|Any CPU.ActiveCfg = Debug|Any CPU
		{2955BA2B-9B0C-4E4F-9F8A-87FD541CA9FE}.Debug|Any CPU.Build.0 = Debug|Any CPU
		{2955BA2B-9B0C-4E4F-9F8A-87FD541CA9FE}.Release|Any CPU.ActiveCfg = Release|Any CPU
		{2955BA2B-9B0C-4E4F-9F8A-87FD541CA9FE}.Release|Any CPU.Build.0 = Release|Any CPU
	EndGlobalSection
	GlobalSection(SolutionProperties) = preSolution
		HideSolutionNode = FALSE
	EndGlobalSection
	GlobalSection(ExtensibilityGlobals) = postSolution
		SolutionGuid = {193D0989-FE46-475B-AE04-0C04BF802F21}
	EndGlobalSection
EndGlobal
