
Microsoft Visual Studio Solution File, Format Version 12.00
# Visual Studio Version 17
VisualStudioVersion = 17.0.31919.166
MinimumVisualStudioVersion = 10.0.40219.1
Project("{9A19103F-16F7-4668-BE54-9A1E7A4F7556}") = "01.RepeatStrings", "Text Processing\01.RepeatStrings.csproj", "{A5BBD493-5F44-430E-B2F9-09F112FCCC17}"
EndProject
Project("{9A19103F-16F7-4668-BE54-9A1E7A4F7556}") = "02. Substring", "02. Substring\02. Substring.csproj", "{207C67DE-47C5-4368-99EA-09CBD4067DE5}"
EndProject
Project("{9A19103F-16F7-4668-BE54-9A1E7A4F7556}") = "03.TextFilter", "03.TextFilter\03.TextFilter.csproj", "{FCC2EF2E-ABC1-4D5F-9A57-EDF555F3BD23}"
EndProject
Project("{9A19103F-16F7-4668-BE54-9A1E7A4F7556}") = "04.Digits, Letters, and Other", "04.Digits, Letters, and Other\04.Digits, Letters, and Other.csproj", "{C172C754-608C-4906-9A25-F28653B3B6C8}"
EndProject
Project("{9A19103F-16F7-4668-BE54-9A1E7A4F7556}") = "05. Reverse Strings", "05. Reverse Strings\05. Reverse Strings.csproj", "{0D6E2BC1-FA1B-4F69-9776-BB6D39472784}"
EndProject
Project("{9A19103F-16F7-4668-BE54-9A1E7A4F7556}") = "01.1.Valid Usernames", "01.1.Valid Usernames\01.1.Valid Usernames.csproj", "{65DC15A7-B313-4F8D-AD57-AE3A5CA9BAAC}"
EndProject
Project("{9A19103F-16F7-4668-BE54-9A1E7A4F7556}") = "01.2. CharacterMultiplier", "01.2. CharacterMultiplier\01.2. CharacterMultiplier.csproj", "{49D1897A-680F-4CC1-9F7C-F2F6E2C4A745}"
EndProject
Project("{9A19103F-16F7-4668-BE54-9A1E7A4F7556}") = "01.3ExtractFile", "01.3ExtractFile\01.3ExtractFile.csproj", "{C84C7FC5-1FB2-4B28-BCE0-543B4FF25AC7}"
EndProject
Project("{9A19103F-16F7-4668-BE54-9A1E7A4F7556}") = "01.4.Caesar Cipher", "01.4.Caesar Cipher\01.4.Caesar Cipher.csproj", "{2A545A26-BD99-4B32-8D34-24191B59ABA8}"
EndProject
Project("{9A19103F-16F7-4668-BE54-9A1E7A4F7556}") = "01.6. Multiply Big Number", "01.05.Multiply Big Number\01.6. Multiply Big Number.csproj", "{49F260A7-D9C0-4D4C-BDCD-CA4E1C955328}"
EndProject
Project("{9A19103F-16F7-4668-BE54-9A1E7A4F7556}") = "01.5.ReplaceRepeatingChars", "01.5.ReplaceRepeatingChars\01.5.ReplaceRepeatingChars.csproj", "{7090F926-E600-462E-9C12-1790FCAC92AC}"
EndProject
Project("{9A19103F-16F7-4668-BE54-9A1E7A4F7556}") = "01.7. StringExplosion", "01.7. StringExplosion\01.7. StringExplosion.csproj", "{D8CA920E-FFC0-4535-89CC-C43BC5665B92}"
EndProject
Project("{9A19103F-16F7-4668-BE54-9A1E7A4F7556}") = "01.8.LettersChangeNumbers", "01.8.LettersChangeNumbers\01.8.LettersChangeNumbers.csproj", "{5FF37ADF-CEE9-4027-A00F-D98A02632C83}"
EndProject
Project("{9A19103F-16F7-4668-BE54-9A1E7A4F7556}") = "02. 01. Extract Person Information", "02. 01. Extract Person Information\02. 01. Extract Person Information.csproj", "{D762909D-A3F6-4752-9C5C-016BDB02015C}"
EndProject
Project("{9A19103F-16F7-4668-BE54-9A1E7A4F7556}") = "02. 2. Ascii Sumator", "02. 2. Ascii Sumator\02. 2. Ascii Sumator.csproj", "{23C18020-F78D-49EE-B117-F71EFEEC9C32}"
EndProject
Project("{9A19103F-16F7-4668-BE54-9A1E7A4F7556}") = "02. 3. Treasure Finder", "02. 3. Treasure Finder\02. 3. Treasure Finder.csproj", "{BABC66DB-D8AB-4D5A-B472-06C138115A6C}"
EndProject
Project("{9A19103F-16F7-4668-BE54-9A1E7A4F7556}") = "02. 4. Morse Code Translator", "02. 4. Morse Code Translator\02. 4. Morse Code Translator.csproj", "{A886DF84-6328-49FC-AF49-56AC0876EC71}"
EndProject
Project("{FAE04EC0-301F-11D3-BF4B-00C04F79EFBC}") = "02. 5.HTML", "02.05.HTML\02. 5.HTML.csproj", "{8E1AB49D-909E-4133-AB8C-7452CF7D99AC}"
EndProject
Global
	GlobalSection(SolutionConfigurationPlatforms) = preSolution
		Debug|Any CPU = Debug|Any CPU
		Release|Any CPU = Release|Any CPU
	EndGlobalSection
	GlobalSection(ProjectConfigurationPlatforms) = postSolution
		{A5BBD493-5F44-430E-B2F9-09F112FCCC17}.Debug|Any CPU.ActiveCfg = Debug|Any CPU
		{A5BBD493-5F44-430E-B2F9-09F112FCCC17}.Debug|Any CPU.Build.0 = Debug|Any CPU
		{A5BBD493-5F44-430E-B2F9-09F112FCCC17}.Release|Any CPU.ActiveCfg = Release|Any CPU
		{A5BBD493-5F44-430E-B2F9-09F112FCCC17}.Release|Any CPU.Build.0 = Release|Any CPU
		{207C67DE-47C5-4368-99EA-09CBD4067DE5}.Debug|Any CPU.ActiveCfg = Debug|Any CPU
		{207C67DE-47C5-4368-99EA-09CBD4067DE5}.Debug|Any CPU.Build.0 = Debug|Any CPU
		{207C67DE-47C5-4368-99EA-09CBD4067DE5}.Release|Any CPU.ActiveCfg = Release|Any CPU
		{207C67DE-47C5-4368-99EA-09CBD4067DE5}.Release|Any CPU.Build.0 = Release|Any CPU
		{FCC2EF2E-ABC1-4D5F-9A57-EDF555F3BD23}.Debug|Any CPU.ActiveCfg = Debug|Any CPU
		{FCC2EF2E-ABC1-4D5F-9A57-EDF555F3BD23}.Debug|Any CPU.Build.0 = Debug|Any CPU
		{FCC2EF2E-ABC1-4D5F-9A57-EDF555F3BD23}.Release|Any CPU.ActiveCfg = Release|Any CPU
		{FCC2EF2E-ABC1-4D5F-9A57-EDF555F3BD23}.Release|Any CPU.Build.0 = Release|Any CPU
		{C172C754-608C-4906-9A25-F28653B3B6C8}.Debug|Any CPU.ActiveCfg = Debug|Any CPU
		{C172C754-608C-4906-9A25-F28653B3B6C8}.Debug|Any CPU.Build.0 = Debug|Any CPU
		{C172C754-608C-4906-9A25-F28653B3B6C8}.Release|Any CPU.ActiveCfg = Release|Any CPU
		{C172C754-608C-4906-9A25-F28653B3B6C8}.Release|Any CPU.Build.0 = Release|Any CPU
		{0D6E2BC1-FA1B-4F69-9776-BB6D39472784}.Debug|Any CPU.ActiveCfg = Debug|Any CPU
		{0D6E2BC1-FA1B-4F69-9776-BB6D39472784}.Debug|Any CPU.Build.0 = Debug|Any CPU
		{0D6E2BC1-FA1B-4F69-9776-BB6D39472784}.Release|Any CPU.ActiveCfg = Release|Any CPU
		{0D6E2BC1-FA1B-4F69-9776-BB6D39472784}.Release|Any CPU.Build.0 = Release|Any CPU
		{65DC15A7-B313-4F8D-AD57-AE3A5CA9BAAC}.Debug|Any CPU.ActiveCfg = Debug|Any CPU
		{65DC15A7-B313-4F8D-AD57-AE3A5CA9BAAC}.Debug|Any CPU.Build.0 = Debug|Any CPU
		{65DC15A7-B313-4F8D-AD57-AE3A5CA9BAAC}.Release|Any CPU.ActiveCfg = Release|Any CPU
		{65DC15A7-B313-4F8D-AD57-AE3A5CA9BAAC}.Release|Any CPU.Build.0 = Release|Any CPU
		{49D1897A-680F-4CC1-9F7C-F2F6E2C4A745}.Debug|Any CPU.ActiveCfg = Debug|Any CPU
		{49D1897A-680F-4CC1-9F7C-F2F6E2C4A745}.Debug|Any CPU.Build.0 = Debug|Any CPU
		{49D1897A-680F-4CC1-9F7C-F2F6E2C4A745}.Release|Any CPU.ActiveCfg = Release|Any CPU
		{49D1897A-680F-4CC1-9F7C-F2F6E2C4A745}.Release|Any CPU.Build.0 = Release|Any CPU
		{C84C7FC5-1FB2-4B28-BCE0-543B4FF25AC7}.Debug|Any CPU.ActiveCfg = Debug|Any CPU
		{C84C7FC5-1FB2-4B28-BCE0-543B4FF25AC7}.Debug|Any CPU.Build.0 = Debug|Any CPU
		{C84C7FC5-1FB2-4B28-BCE0-543B4FF25AC7}.Release|Any CPU.ActiveCfg = Release|Any CPU
		{C84C7FC5-1FB2-4B28-BCE0-543B4FF25AC7}.Release|Any CPU.Build.0 = Release|Any CPU
		{2A545A26-BD99-4B32-8D34-24191B59ABA8}.Debug|Any CPU.ActiveCfg = Debug|Any CPU
		{2A545A26-BD99-4B32-8D34-24191B59ABA8}.Debug|Any CPU.Build.0 = Debug|Any CPU
		{2A545A26-BD99-4B32-8D34-24191B59ABA8}.Release|Any CPU.ActiveCfg = Release|Any CPU
		{2A545A26-BD99-4B32-8D34-24191B59ABA8}.Release|Any CPU.Build.0 = Release|Any CPU
		{49F260A7-D9C0-4D4C-BDCD-CA4E1C955328}.Debug|Any CPU.ActiveCfg = Debug|Any CPU
		{49F260A7-D9C0-4D4C-BDCD-CA4E1C955328}.Debug|Any CPU.Build.0 = Debug|Any CPU
		{49F260A7-D9C0-4D4C-BDCD-CA4E1C955328}.Release|Any CPU.ActiveCfg = Release|Any CPU
		{49F260A7-D9C0-4D4C-BDCD-CA4E1C955328}.Release|Any CPU.Build.0 = Release|Any CPU
		{7090F926-E600-462E-9C12-1790FCAC92AC}.Debug|Any CPU.ActiveCfg = Debug|Any CPU
		{7090F926-E600-462E-9C12-1790FCAC92AC}.Debug|Any CPU.Build.0 = Debug|Any CPU
		{7090F926-E600-462E-9C12-1790FCAC92AC}.Release|Any CPU.ActiveCfg = Release|Any CPU
		{7090F926-E600-462E-9C12-1790FCAC92AC}.Release|Any CPU.Build.0 = Release|Any CPU
		{D8CA920E-FFC0-4535-89CC-C43BC5665B92}.Debug|Any CPU.ActiveCfg = Debug|Any CPU
		{D8CA920E-FFC0-4535-89CC-C43BC5665B92}.Debug|Any CPU.Build.0 = Debug|Any CPU
		{D8CA920E-FFC0-4535-89CC-C43BC5665B92}.Release|Any CPU.ActiveCfg = Release|Any CPU
		{D8CA920E-FFC0-4535-89CC-C43BC5665B92}.Release|Any CPU.Build.0 = Release|Any CPU
		{5FF37ADF-CEE9-4027-A00F-D98A02632C83}.Debug|Any CPU.ActiveCfg = Debug|Any CPU
		{5FF37ADF-CEE9-4027-A00F-D98A02632C83}.Debug|Any CPU.Build.0 = Debug|Any CPU
		{5FF37ADF-CEE9-4027-A00F-D98A02632C83}.Release|Any CPU.ActiveCfg = Release|Any CPU
		{5FF37ADF-CEE9-4027-A00F-D98A02632C83}.Release|Any CPU.Build.0 = Release|Any CPU
		{D762909D-A3F6-4752-9C5C-016BDB02015C}.Debug|Any CPU.ActiveCfg = Debug|Any CPU
		{D762909D-A3F6-4752-9C5C-016BDB02015C}.Debug|Any CPU.Build.0 = Debug|Any CPU
		{D762909D-A3F6-4752-9C5C-016BDB02015C}.Release|Any CPU.ActiveCfg = Release|Any CPU
		{D762909D-A3F6-4752-9C5C-016BDB02015C}.Release|Any CPU.Build.0 = Release|Any CPU
		{23C18020-F78D-49EE-B117-F71EFEEC9C32}.Debug|Any CPU.ActiveCfg = Debug|Any CPU
		{23C18020-F78D-49EE-B117-F71EFEEC9C32}.Debug|Any CPU.Build.0 = Debug|Any CPU
		{23C18020-F78D-49EE-B117-F71EFEEC9C32}.Release|Any CPU.ActiveCfg = Release|Any CPU
		{23C18020-F78D-49EE-B117-F71EFEEC9C32}.Release|Any CPU.Build.0 = Release|Any CPU
		{BABC66DB-D8AB-4D5A-B472-06C138115A6C}.Debug|Any CPU.ActiveCfg = Debug|Any CPU
		{BABC66DB-D8AB-4D5A-B472-06C138115A6C}.Debug|Any CPU.Build.0 = Debug|Any CPU
		{BABC66DB-D8AB-4D5A-B472-06C138115A6C}.Release|Any CPU.ActiveCfg = Release|Any CPU
		{BABC66DB-D8AB-4D5A-B472-06C138115A6C}.Release|Any CPU.Build.0 = Release|Any CPU
		{A886DF84-6328-49FC-AF49-56AC0876EC71}.Debug|Any CPU.ActiveCfg = Debug|Any CPU
		{A886DF84-6328-49FC-AF49-56AC0876EC71}.Debug|Any CPU.Build.0 = Debug|Any CPU
		{A886DF84-6328-49FC-AF49-56AC0876EC71}.Release|Any CPU.ActiveCfg = Release|Any CPU
		{A886DF84-6328-49FC-AF49-56AC0876EC71}.Release|Any CPU.Build.0 = Release|Any CPU
		{8E1AB49D-909E-4133-AB8C-7452CF7D99AC}.Debug|Any CPU.ActiveCfg = Debug|Any CPU
		{8E1AB49D-909E-4133-AB8C-7452CF7D99AC}.Debug|Any CPU.Build.0 = Debug|Any CPU
		{8E1AB49D-909E-4133-AB8C-7452CF7D99AC}.Release|Any CPU.ActiveCfg = Release|Any CPU
		{8E1AB49D-909E-4133-AB8C-7452CF7D99AC}.Release|Any CPU.Build.0 = Release|Any CPU
	EndGlobalSection
	GlobalSection(SolutionProperties) = preSolution
		HideSolutionNode = FALSE
	EndGlobalSection
	GlobalSection(ExtensibilityGlobals) = postSolution
		SolutionGuid = {23427FB3-F139-4AA7-B837-98AEC95F5E88}
	EndGlobalSection
EndGlobal
