
Microsoft Visual Studio Solution File, Format Version 12.00
# Visual Studio Version 17
VisualStudioVersion = 17.0.31919.166
MinimumVisualStudioVersion = 10.0.40219.1
Project("{9A19103F-16F7-4668-BE54-9A1E7A4F7556}") = "01.ExercisesArrays", "03.ExercisesArrays\01.ExercisesArrays.csproj", "{8D726DBD-0423-4E32-B832-45F5CF2D40A9}"
EndProject
Project("{9A19103F-16F7-4668-BE54-9A1E7A4F7556}") = "02.Common Elements", "02.Common Elements\02.Common Elements.csproj", "{122A7A67-A8B2-4B81-B6EA-908447F66A41}"
EndProject
Project("{9A19103F-16F7-4668-BE54-9A1E7A4F7556}") = "03. Zig-Zag Arrays", "03. Zig-Zag Arrays\03. Zig-Zag Arrays.csproj", "{F41E605E-4174-4636-B854-C52DC6796513}"
EndProject
Project("{9A19103F-16F7-4668-BE54-9A1E7A4F7556}") = "04. Array Rotation", "04. Array Rotation\04. Array Rotation.csproj", "{980C3A25-3173-4ADC-B0FB-99D089B38553}"
EndProject
Project("{9A19103F-16F7-4668-BE54-9A1E7A4F7556}") = "05. Top Integers", "05. Top Integers\05. Top Integers.csproj", "{F2B3D4EB-3341-43FB-A310-AE07E3BB5368}"
EndProject
Project("{9A19103F-16F7-4668-BE54-9A1E7A4F7556}") = "06.Equal Sums", "06.Equal Sums\06.Equal Sums.csproj", "{B990C726-F7D5-48C4-9901-2F4D1D411384}"
EndProject
Project("{9A19103F-16F7-4668-BE54-9A1E7A4F7556}") = "07.Max Sequence of Equal Elements", "07.Max Sequence of Equal Elements\07.Max Sequence of Equal Elements.csproj", "{EE61299D-31CC-4EEF-909A-BE6C4A810FB8}"
EndProject
Project("{9A19103F-16F7-4668-BE54-9A1E7A4F7556}") = "08. Magic Sum", "08. Magic Sum\08. Magic Sum.csproj", "{64FE15BE-4243-46C7-A6ED-C56FFAF20053}"
EndProject
Project("{9A19103F-16F7-4668-BE54-9A1E7A4F7556}") = "09. Kamino Factory", "09. Kamino Factory\09. Kamino Factory.csproj", "{0CB58AA0-DA4C-43DD-AE95-25E9051E39B0}"
EndProject
Project("{9A19103F-16F7-4668-BE54-9A1E7A4F7556}") = "10. LadyBugs", "10. LadyBugs\10. LadyBugs.csproj", "{3FEFFC88-7339-4E6B-9919-0C82C7FCC55D}"
EndProject
Project("{FAE04EC0-301F-11D3-BF4B-00C04F79EFBC}") = "11. Encrypt, Sort, and Print Array", "11. Encrypt, Sort, and Print Array\11. Encrypt, Sort, and Print Array.csproj", "{64EADFEA-8F7E-4742-A478-54C46B10F8E8}"
EndProject
Project("{FAE04EC0-301F-11D3-BF4B-00C04F79EFBC}") = "12. Pascal Triangle", "12. Pascal Triangle\12. Pascal Triangle.csproj", "{80E3FC28-2274-4A70-93C1-03842F9A8042}"
EndProject
Global
	GlobalSection(SolutionConfigurationPlatforms) = preSolution
		Debug|Any CPU = Debug|Any CPU
		Release|Any CPU = Release|Any CPU
	EndGlobalSection
	GlobalSection(ProjectConfigurationPlatforms) = postSolution
		{8D726DBD-0423-4E32-B832-45F5CF2D40A9}.Debug|Any CPU.ActiveCfg = Debug|Any CPU
		{8D726DBD-0423-4E32-B832-45F5CF2D40A9}.Debug|Any CPU.Build.0 = Debug|Any CPU
		{8D726DBD-0423-4E32-B832-45F5CF2D40A9}.Release|Any CPU.ActiveCfg = Release|Any CPU
		{8D726DBD-0423-4E32-B832-45F5CF2D40A9}.Release|Any CPU.Build.0 = Release|Any CPU
		{122A7A67-A8B2-4B81-B6EA-908447F66A41}.Debug|Any CPU.ActiveCfg = Debug|Any CPU
		{122A7A67-A8B2-4B81-B6EA-908447F66A41}.Debug|Any CPU.Build.0 = Debug|Any CPU
		{122A7A67-A8B2-4B81-B6EA-908447F66A41}.Release|Any CPU.ActiveCfg = Release|Any CPU
		{122A7A67-A8B2-4B81-B6EA-908447F66A41}.Release|Any CPU.Build.0 = Release|Any CPU
		{F41E605E-4174-4636-B854-C52DC6796513}.Debug|Any CPU.ActiveCfg = Debug|Any CPU
		{F41E605E-4174-4636-B854-C52DC6796513}.Debug|Any CPU.Build.0 = Debug|Any CPU
		{F41E605E-4174-4636-B854-C52DC6796513}.Release|Any CPU.ActiveCfg = Release|Any CPU
		{F41E605E-4174-4636-B854-C52DC6796513}.Release|Any CPU.Build.0 = Release|Any CPU
		{980C3A25-3173-4ADC-B0FB-99D089B38553}.Debug|Any CPU.ActiveCfg = Debug|Any CPU
		{980C3A25-3173-4ADC-B0FB-99D089B38553}.Debug|Any CPU.Build.0 = Debug|Any CPU
		{980C3A25-3173-4ADC-B0FB-99D089B38553}.Release|Any CPU.ActiveCfg = Release|Any CPU
		{980C3A25-3173-4ADC-B0FB-99D089B38553}.Release|Any CPU.Build.0 = Release|Any CPU
		{F2B3D4EB-3341-43FB-A310-AE07E3BB5368}.Debug|Any CPU.ActiveCfg = Debug|Any CPU
		{F2B3D4EB-3341-43FB-A310-AE07E3BB5368}.Debug|Any CPU.Build.0 = Debug|Any CPU
		{F2B3D4EB-3341-43FB-A310-AE07E3BB5368}.Release|Any CPU.ActiveCfg = Release|Any CPU
		{F2B3D4EB-3341-43FB-A310-AE07E3BB5368}.Release|Any CPU.Build.0 = Release|Any CPU
		{B990C726-F7D5-48C4-9901-2F4D1D411384}.Debug|Any CPU.ActiveCfg = Debug|Any CPU
		{B990C726-F7D5-48C4-9901-2F4D1D411384}.Debug|Any CPU.Build.0 = Debug|Any CPU
		{B990C726-F7D5-48C4-9901-2F4D1D411384}.Release|Any CPU.ActiveCfg = Release|Any CPU
		{B990C726-F7D5-48C4-9901-2F4D1D411384}.Release|Any CPU.Build.0 = Release|Any CPU
		{EE61299D-31CC-4EEF-909A-BE6C4A810FB8}.Debug|Any CPU.ActiveCfg = Debug|Any CPU
		{EE61299D-31CC-4EEF-909A-BE6C4A810FB8}.Debug|Any CPU.Build.0 = Debug|Any CPU
		{EE61299D-31CC-4EEF-909A-BE6C4A810FB8}.Release|Any CPU.ActiveCfg = Release|Any CPU
		{EE61299D-31CC-4EEF-909A-BE6C4A810FB8}.Release|Any CPU.Build.0 = Release|Any CPU
		{64FE15BE-4243-46C7-A6ED-C56FFAF20053}.Debug|Any CPU.ActiveCfg = Debug|Any CPU
		{64FE15BE-4243-46C7-A6ED-C56FFAF20053}.Debug|Any CPU.Build.0 = Debug|Any CPU
		{64FE15BE-4243-46C7-A6ED-C56FFAF20053}.Release|Any CPU.ActiveCfg = Release|Any CPU
		{64FE15BE-4243-46C7-A6ED-C56FFAF20053}.Release|Any CPU.Build.0 = Release|Any CPU
		{0CB58AA0-DA4C-43DD-AE95-25E9051E39B0}.Debug|Any CPU.ActiveCfg = Debug|Any CPU
		{0CB58AA0-DA4C-43DD-AE95-25E9051E39B0}.Debug|Any CPU.Build.0 = Debug|Any CPU
		{0CB58AA0-DA4C-43DD-AE95-25E9051E39B0}.Release|Any CPU.ActiveCfg = Release|Any CPU
		{0CB58AA0-DA4C-43DD-AE95-25E9051E39B0}.Release|Any CPU.Build.0 = Release|Any CPU
		{3FEFFC88-7339-4E6B-9919-0C82C7FCC55D}.Debug|Any CPU.ActiveCfg = Debug|Any CPU
		{3FEFFC88-7339-4E6B-9919-0C82C7FCC55D}.Debug|Any CPU.Build.0 = Debug|Any CPU
		{3FEFFC88-7339-4E6B-9919-0C82C7FCC55D}.Release|Any CPU.ActiveCfg = Release|Any CPU
		{3FEFFC88-7339-4E6B-9919-0C82C7FCC55D}.Release|Any CPU.Build.0 = Release|Any CPU
		{64EADFEA-8F7E-4742-A478-54C46B10F8E8}.Debug|Any CPU.ActiveCfg = Debug|Any CPU
		{64EADFEA-8F7E-4742-A478-54C46B10F8E8}.Debug|Any CPU.Build.0 = Debug|Any CPU
		{64EADFEA-8F7E-4742-A478-54C46B10F8E8}.Release|Any CPU.ActiveCfg = Release|Any CPU
		{64EADFEA-8F7E-4742-A478-54C46B10F8E8}.Release|Any CPU.Build.0 = Release|Any CPU
		{80E3FC28-2274-4A70-93C1-03842F9A8042}.Debug|Any CPU.ActiveCfg = Debug|Any CPU
		{80E3FC28-2274-4A70-93C1-03842F9A8042}.Debug|Any CPU.Build.0 = Debug|Any CPU
		{80E3FC28-2274-4A70-93C1-03842F9A8042}.Release|Any CPU.ActiveCfg = Release|Any CPU
		{80E3FC28-2274-4A70-93C1-03842F9A8042}.Release|Any CPU.Build.0 = Release|Any CPU
	EndGlobalSection
	GlobalSection(SolutionProperties) = preSolution
		HideSolutionNode = FALSE
	EndGlobalSection
	GlobalSection(ExtensibilityGlobals) = postSolution
		SolutionGuid = {3BEA886A-8769-4A5B-BB50-40BBBD6D93B8}
	EndGlobalSection
EndGlobal
