
Microsoft Visual Studio Solution File, Format Version 12.00
# Visual Studio Version 17
VisualStudioVersion = 17.0.31919.166
MinimumVisualStudioVersion = 10.0.40219.1
Project("{9A19103F-16F7-4668-BE54-9A1E7A4F7556}") = "011 Exam", "Lists Exersices\011 Exam.csproj", "{F84C6FA8-7CA1-4D52-B96A-91338EEE3C26}"
EndProject
Project("{9A19103F-16F7-4668-BE54-9A1E7A4F7556}") = "01. Train", "01. Train\01. Train.csproj", "{CBD6A102-7A8A-4E10-9FFD-AFC3D3D4E60F}"
EndProject
Project("{9A19103F-16F7-4668-BE54-9A1E7A4F7556}") = "02. Change List", "02. Change List\02. Change List.csproj", "{A74B4E31-51DC-4224-B4C2-02694EA125C1}"
EndProject
Project("{9A19103F-16F7-4668-BE54-9A1E7A4F7556}") = "012 Exam", "012 Exam\012 Exam.csproj", "{473DCC61-06C5-4440-9A2D-1115B9163F5C}"
EndProject
Project("{9A19103F-16F7-4668-BE54-9A1E7A4F7556}") = "013 Exam", "Exam 013\013 Exam.csproj", "{5C501C20-8EDF-4979-92C2-80DA8874C256}"
EndProject
Project("{9A19103F-16F7-4668-BE54-9A1E7A4F7556}") = "014 Exam", "014 Exam\014 Exam.csproj", "{A203BF96-0CEC-45F2-857F-1869601707DE}"
EndProject
Project("{9A19103F-16F7-4668-BE54-9A1E7A4F7556}") = "015 Exam", "015 Exam\015 Exam.csproj", "{EEA9CE81-0F7D-4FC9-8A7A-E36B7F9F023B}"
EndProject
Project("{9A19103F-16F7-4668-BE54-9A1E7A4F7556}") = "016 Exam", "016 Exam\016 Exam.csproj", "{4F046238-FB00-4C30-AE96-D631E72C8D17}"
EndProject
Project("{9A19103F-16F7-4668-BE54-9A1E7A4F7556}") = "03. House Party", "03. House Party\03. House Party.csproj", "{C63DF78E-C1E9-4631-8149-C411053CB1B3}"
EndProject
Project("{9A19103F-16F7-4668-BE54-9A1E7A4F7556}") = "04. List Operations", "04. List Operations\04. List Operations.csproj", "{1B2C5235-3A97-491C-A89B-81530763585A}"
EndProject
Project("{9A19103F-16F7-4668-BE54-9A1E7A4F7556}") = "05. Bomb Numbers", "05. Bomb Numbers\05. Bomb Numbers.csproj", "{66C9F85B-BF84-4A59-B9CA-A106422F219C}"
EndProject
Project("{9A19103F-16F7-4668-BE54-9A1E7A4F7556}") = "06. Cards Game", "06. Cards Game\06. Cards Game.csproj", "{E39EB916-7A8E-4889-B0FE-F08E6745DBD0}"
EndProject
Project("{9A19103F-16F7-4668-BE54-9A1E7A4F7556}") = "07. Append Arrays", "07. Append Arrays\07. Append Arrays.csproj", "{395C60C3-880F-4231-B547-7EDA29BCA99A}"
EndProject
Project("{9A19103F-16F7-4668-BE54-9A1E7A4F7556}") = "08. Anonymous Threat", "08. Anonymous Threat\08. Anonymous Threat.csproj", "{505E750B-6A65-4DC6-9727-1E522AD7E807}"
EndProject
Project("{FAE04EC0-301F-11D3-BF4B-00C04F79EFBC}") = "09. Pokemon Don’t Go", "09. Pokemon Don’t Go\09. Pokemon Don’t Go.csproj", "{EEB6D87E-4FE3-40A0-96DD-F8AE371CEEFC}"
EndProject
Project("{FAE04EC0-301F-11D3-BF4B-00C04F79EFBC}") = "10. SoftUni Course Planning", "010. SoftUni Course Planning\10. SoftUni Course Planning.csproj", "{AA055EF2-6498-49EE-BF65-CA8E937E0C52}"
EndProject
Project("{FAE04EC0-301F-11D3-BF4B-00C04F79EFBC}") = "11. Messaging", "11. Messaging\11. Messaging.csproj", "{69395D35-2147-4F0A-BC64-5CCB2340104F}"
EndProject
Project("{FAE04EC0-301F-11D3-BF4B-00C04F79EFBC}") = "12. Car Race", "12. Car Race\12. Car Race.csproj", "{4E337364-B1F0-4C2D-97D1-8301958D1A64}"
EndProject
Project("{FAE04EC0-301F-11D3-BF4B-00C04F79EFBC}") = "13. TakeSkip Rope", "13. TakeSkip Rope\13. TakeSkip Rope.csproj", "{96DAB60A-7A85-4AAE-A9E6-8A0A46CE065B}"
EndProject
Project("{FAE04EC0-301F-11D3-BF4B-00C04F79EFBC}") = "14. Mixed Up Lists", "14. Mixed Up Lists\14. Mixed Up Lists.csproj", "{CACFD8C4-D81E-46E9-A923-83894988D7E2}"
EndProject
Project("{FAE04EC0-301F-11D3-BF4B-00C04F79EFBC}") = "15. Drum Set", "15. Drum Set\15. Drum Set.csproj", "{B546B69E-149A-41BC-88BB-C0AAE802608C}"
EndProject
Global
	GlobalSection(SolutionConfigurationPlatforms) = preSolution
		Debug|Any CPU = Debug|Any CPU
		Release|Any CPU = Release|Any CPU
	EndGlobalSection
	GlobalSection(ProjectConfigurationPlatforms) = postSolution
		{F84C6FA8-7CA1-4D52-B96A-91338EEE3C26}.Debug|Any CPU.ActiveCfg = Debug|Any CPU
		{F84C6FA8-7CA1-4D52-B96A-91338EEE3C26}.Debug|Any CPU.Build.0 = Debug|Any CPU
		{F84C6FA8-7CA1-4D52-B96A-91338EEE3C26}.Release|Any CPU.ActiveCfg = Release|Any CPU
		{F84C6FA8-7CA1-4D52-B96A-91338EEE3C26}.Release|Any CPU.Build.0 = Release|Any CPU
		{CBD6A102-7A8A-4E10-9FFD-AFC3D3D4E60F}.Debug|Any CPU.ActiveCfg = Debug|Any CPU
		{CBD6A102-7A8A-4E10-9FFD-AFC3D3D4E60F}.Debug|Any CPU.Build.0 = Debug|Any CPU
		{CBD6A102-7A8A-4E10-9FFD-AFC3D3D4E60F}.Release|Any CPU.ActiveCfg = Release|Any CPU
		{CBD6A102-7A8A-4E10-9FFD-AFC3D3D4E60F}.Release|Any CPU.Build.0 = Release|Any CPU
		{A74B4E31-51DC-4224-B4C2-02694EA125C1}.Debug|Any CPU.ActiveCfg = Debug|Any CPU
		{A74B4E31-51DC-4224-B4C2-02694EA125C1}.Debug|Any CPU.Build.0 = Debug|Any CPU
		{A74B4E31-51DC-4224-B4C2-02694EA125C1}.Release|Any CPU.ActiveCfg = Release|Any CPU
		{A74B4E31-51DC-4224-B4C2-02694EA125C1}.Release|Any CPU.Build.0 = Release|Any CPU
		{473DCC61-06C5-4440-9A2D-1115B9163F5C}.Debug|Any CPU.ActiveCfg = Debug|Any CPU
		{473DCC61-06C5-4440-9A2D-1115B9163F5C}.Debug|Any CPU.Build.0 = Debug|Any CPU
		{473DCC61-06C5-4440-9A2D-1115B9163F5C}.Release|Any CPU.ActiveCfg = Release|Any CPU
		{473DCC61-06C5-4440-9A2D-1115B9163F5C}.Release|Any CPU.Build.0 = Release|Any CPU
		{5C501C20-8EDF-4979-92C2-80DA8874C256}.Debug|Any CPU.ActiveCfg = Debug|Any CPU
		{5C501C20-8EDF-4979-92C2-80DA8874C256}.Debug|Any CPU.Build.0 = Debug|Any CPU
		{5C501C20-8EDF-4979-92C2-80DA8874C256}.Release|Any CPU.ActiveCfg = Release|Any CPU
		{5C501C20-8EDF-4979-92C2-80DA8874C256}.Release|Any CPU.Build.0 = Release|Any CPU
		{A203BF96-0CEC-45F2-857F-1869601707DE}.Debug|Any CPU.ActiveCfg = Debug|Any CPU
		{A203BF96-0CEC-45F2-857F-1869601707DE}.Debug|Any CPU.Build.0 = Debug|Any CPU
		{A203BF96-0CEC-45F2-857F-1869601707DE}.Release|Any CPU.ActiveCfg = Release|Any CPU
		{A203BF96-0CEC-45F2-857F-1869601707DE}.Release|Any CPU.Build.0 = Release|Any CPU
		{EEA9CE81-0F7D-4FC9-8A7A-E36B7F9F023B}.Debug|Any CPU.ActiveCfg = Debug|Any CPU
		{EEA9CE81-0F7D-4FC9-8A7A-E36B7F9F023B}.Debug|Any CPU.Build.0 = Debug|Any CPU
		{EEA9CE81-0F7D-4FC9-8A7A-E36B7F9F023B}.Release|Any CPU.ActiveCfg = Release|Any CPU
		{EEA9CE81-0F7D-4FC9-8A7A-E36B7F9F023B}.Release|Any CPU.Build.0 = Release|Any CPU
		{4F046238-FB00-4C30-AE96-D631E72C8D17}.Debug|Any CPU.ActiveCfg = Debug|Any CPU
		{4F046238-FB00-4C30-AE96-D631E72C8D17}.Debug|Any CPU.Build.0 = Debug|Any CPU
		{4F046238-FB00-4C30-AE96-D631E72C8D17}.Release|Any CPU.ActiveCfg = Release|Any CPU
		{4F046238-FB00-4C30-AE96-D631E72C8D17}.Release|Any CPU.Build.0 = Release|Any CPU
		{C63DF78E-C1E9-4631-8149-C411053CB1B3}.Debug|Any CPU.ActiveCfg = Debug|Any CPU
		{C63DF78E-C1E9-4631-8149-C411053CB1B3}.Debug|Any CPU.Build.0 = Debug|Any CPU
		{C63DF78E-C1E9-4631-8149-C411053CB1B3}.Release|Any CPU.ActiveCfg = Release|Any CPU
		{C63DF78E-C1E9-4631-8149-C411053CB1B3}.Release|Any CPU.Build.0 = Release|Any CPU
		{1B2C5235-3A97-491C-A89B-81530763585A}.Debug|Any CPU.ActiveCfg = Debug|Any CPU
		{1B2C5235-3A97-491C-A89B-81530763585A}.Debug|Any CPU.Build.0 = Debug|Any CPU
		{1B2C5235-3A97-491C-A89B-81530763585A}.Release|Any CPU.ActiveCfg = Release|Any CPU
		{1B2C5235-3A97-491C-A89B-81530763585A}.Release|Any CPU.Build.0 = Release|Any CPU
		{66C9F85B-BF84-4A59-B9CA-A106422F219C}.Debug|Any CPU.ActiveCfg = Debug|Any CPU
		{66C9F85B-BF84-4A59-B9CA-A106422F219C}.Debug|Any CPU.Build.0 = Debug|Any CPU
		{66C9F85B-BF84-4A59-B9CA-A106422F219C}.Release|Any CPU.ActiveCfg = Release|Any CPU
		{66C9F85B-BF84-4A59-B9CA-A106422F219C}.Release|Any CPU.Build.0 = Release|Any CPU
		{E39EB916-7A8E-4889-B0FE-F08E6745DBD0}.Debug|Any CPU.ActiveCfg = Debug|Any CPU
		{E39EB916-7A8E-4889-B0FE-F08E6745DBD0}.Debug|Any CPU.Build.0 = Debug|Any CPU
		{E39EB916-7A8E-4889-B0FE-F08E6745DBD0}.Release|Any CPU.ActiveCfg = Release|Any CPU
		{E39EB916-7A8E-4889-B0FE-F08E6745DBD0}.Release|Any CPU.Build.0 = Release|Any CPU
		{395C60C3-880F-4231-B547-7EDA29BCA99A}.Debug|Any CPU.ActiveCfg = Debug|Any CPU
		{395C60C3-880F-4231-B547-7EDA29BCA99A}.Debug|Any CPU.Build.0 = Debug|Any CPU
		{395C60C3-880F-4231-B547-7EDA29BCA99A}.Release|Any CPU.ActiveCfg = Release|Any CPU
		{395C60C3-880F-4231-B547-7EDA29BCA99A}.Release|Any CPU.Build.0 = Release|Any CPU
		{505E750B-6A65-4DC6-9727-1E522AD7E807}.Debug|Any CPU.ActiveCfg = Debug|Any CPU
		{505E750B-6A65-4DC6-9727-1E522AD7E807}.Debug|Any CPU.Build.0 = Debug|Any CPU
		{505E750B-6A65-4DC6-9727-1E522AD7E807}.Release|Any CPU.ActiveCfg = Release|Any CPU
		{505E750B-6A65-4DC6-9727-1E522AD7E807}.Release|Any CPU.Build.0 = Release|Any CPU
		{EEB6D87E-4FE3-40A0-96DD-F8AE371CEEFC}.Debug|Any CPU.ActiveCfg = Debug|Any CPU
		{EEB6D87E-4FE3-40A0-96DD-F8AE371CEEFC}.Debug|Any CPU.Build.0 = Debug|Any CPU
		{EEB6D87E-4FE3-40A0-96DD-F8AE371CEEFC}.Release|Any CPU.ActiveCfg = Release|Any CPU
		{EEB6D87E-4FE3-40A0-96DD-F8AE371CEEFC}.Release|Any CPU.Build.0 = Release|Any CPU
		{AA055EF2-6498-49EE-BF65-CA8E937E0C52}.Debug|Any CPU.ActiveCfg = Debug|Any CPU
		{AA055EF2-6498-49EE-BF65-CA8E937E0C52}.Debug|Any CPU.Build.0 = Debug|Any CPU
		{AA055EF2-6498-49EE-BF65-CA8E937E0C52}.Release|Any CPU.ActiveCfg = Release|Any CPU
		{AA055EF2-6498-49EE-BF65-CA8E937E0C52}.Release|Any CPU.Build.0 = Release|Any CPU
		{69395D35-2147-4F0A-BC64-5CCB2340104F}.Debug|Any CPU.ActiveCfg = Debug|Any CPU
		{69395D35-2147-4F0A-BC64-5CCB2340104F}.Debug|Any CPU.Build.0 = Debug|Any CPU
		{69395D35-2147-4F0A-BC64-5CCB2340104F}.Release|Any CPU.ActiveCfg = Release|Any CPU
		{69395D35-2147-4F0A-BC64-5CCB2340104F}.Release|Any CPU.Build.0 = Release|Any CPU
		{4E337364-B1F0-4C2D-97D1-8301958D1A64}.Debug|Any CPU.ActiveCfg = Debug|Any CPU
		{4E337364-B1F0-4C2D-97D1-8301958D1A64}.Debug|Any CPU.Build.0 = Debug|Any CPU
		{4E337364-B1F0-4C2D-97D1-8301958D1A64}.Release|Any CPU.ActiveCfg = Release|Any CPU
		{4E337364-B1F0-4C2D-97D1-8301958D1A64}.Release|Any CPU.Build.0 = Release|Any CPU
		{96DAB60A-7A85-4AAE-A9E6-8A0A46CE065B}.Debug|Any CPU.ActiveCfg = Debug|Any CPU
		{96DAB60A-7A85-4AAE-A9E6-8A0A46CE065B}.Debug|Any CPU.Build.0 = Debug|Any CPU
		{96DAB60A-7A85-4AAE-A9E6-8A0A46CE065B}.Release|Any CPU.ActiveCfg = Release|Any CPU
		{96DAB60A-7A85-4AAE-A9E6-8A0A46CE065B}.Release|Any CPU.Build.0 = Release|Any CPU
		{CACFD8C4-D81E-46E9-A923-83894988D7E2}.Debug|Any CPU.ActiveCfg = Debug|Any CPU
		{CACFD8C4-D81E-46E9-A923-83894988D7E2}.Debug|Any CPU.Build.0 = Debug|Any CPU
		{CACFD8C4-D81E-46E9-A923-83894988D7E2}.Release|Any CPU.ActiveCfg = Release|Any CPU
		{CACFD8C4-D81E-46E9-A923-83894988D7E2}.Release|Any CPU.Build.0 = Release|Any CPU
		{B546B69E-149A-41BC-88BB-C0AAE802608C}.Debug|Any CPU.ActiveCfg = Debug|Any CPU
		{B546B69E-149A-41BC-88BB-C0AAE802608C}.Debug|Any CPU.Build.0 = Debug|Any CPU
		{B546B69E-149A-41BC-88BB-C0AAE802608C}.Release|Any CPU.ActiveCfg = Release|Any CPU
		{B546B69E-149A-41BC-88BB-C0AAE802608C}.Release|Any CPU.Build.0 = Release|Any CPU
	EndGlobalSection
	GlobalSection(SolutionProperties) = preSolution
		HideSolutionNode = FALSE
	EndGlobalSection
	GlobalSection(ExtensibilityGlobals) = postSolution
		SolutionGuid = {BA28136E-36C1-46E8-A30F-0BEBA7ACD331}
	EndGlobalSection
EndGlobal
